
Microsoft Visual Studio Solution File, Format Version 12.00
# Visual Studio Version 17
VisualStudioVersion = 17.13.35913.81 d17.13
MinimumVisualStudioVersion = 10.0.40219.1
Project("{FAE04EC0-301F-11D3-BF4B-00C04F79EFBC}") = "NOVA-API", "NOVA-API\NOVA-API.csproj", "{CF9189D1-046F-4BD7-88D3-A6094A606A0C}"
EndProject
Global
	GlobalSection(SolutionConfigurationPlatforms) = preSolution
		Debug|Any CPU = Debug|Any CPU
		Release|Any CPU = Release|Any CPU
	EndGlobalSection
	GlobalSection(ProjectConfigurationPlatforms) = postSolution
		{CF9189D1-046F-4BD7-88D3-A6094A606A0C}.Debug|Any CPU.ActiveCfg = Debug|Any CPU
		{CF9189D1-046F-4BD7-88D3-A6094A606A0C}.Debug|Any CPU.Build.0 = Debug|Any CPU
		{CF9189D1-046F-4BD7-88D3-A6094A606A0C}.Release|Any CPU.ActiveCfg = Release|Any CPU
		{CF9189D1-046F-4BD7-88D3-A6094A606A0C}.Release|Any CPU.Build.0 = Release|Any CPU
	EndGlobalSection
	GlobalSection(SolutionProperties) = preSolution
		HideSolutionNode = FALSE
	EndGlobalSection
	GlobalSection(ExtensibilityGlobals) = postSolution
		SolutionGuid = {B77B5F49-F756-4A9D-857B-AFD8409782F5}
	EndGlobalSection
EndGlobal
